
Microsoft Visual Studio Solution File, Format Version 12.00
# Visual Studio Version 17
VisualStudioVersion = 17.6.33815.320
MinimumVisualStudioVersion = 10.0.40219.1
Project("{FAE04EC0-301F-11D3-BF4B-00C04F79EFBC}") = "TelegramBotEnglishDb", "TelegramBotEnglishDb\TelegramBotEnglishDb.csproj", "{5FB87C9A-254D-4DF6-A1E9-983ACDF43DBD}"
EndProject
Global
	GlobalSection(SolutionConfigurationPlatforms) = preSolution
		Debug|Any CPU = Debug|Any CPU
		Release|Any CPU = Release|Any CPU
	EndGlobalSection
	GlobalSection(ProjectConfigurationPlatforms) = postSolution
		{5FB87C9A-254D-4DF6-A1E9-983ACDF43DBD}.Debug|Any CPU.ActiveCfg = Debug|Any CPU
		{5FB87C9A-254D-4DF6-A1E9-983ACDF43DBD}.Debug|Any CPU.Build.0 = Debug|Any CPU
		{5FB87C9A-254D-4DF6-A1E9-983ACDF43DBD}.Release|Any CPU.ActiveCfg = Release|Any CPU
		{5FB87C9A-254D-4DF6-A1E9-983ACDF43DBD}.Release|Any CPU.Build.0 = Release|Any CPU
	EndGlobalSection
	GlobalSection(SolutionProperties) = preSolution
		HideSolutionNode = FALSE
	EndGlobalSection
	GlobalSection(ExtensibilityGlobals) = postSolution
		SolutionGuid = {DEE6E241-7373-4B72-A845-7D680BFDF5F8}
	EndGlobalSection
EndGlobal
