
Microsoft Visual Studio Solution File, Format Version 12.00
# Visual Studio Version 17
VisualStudioVersion = 17.6.33815.320
MinimumVisualStudioVersion = 10.0.40219.1
Project("{FAE04EC0-301F-11D3-BF4B-00C04F79EFBC}") = "TelegramBotEnglishDb", "TelegramBotEnglishDb\TelegramBotEnglishDb.csproj", "{518D2525-86F3-4988-AECB-94468FEA1B09}"
EndProject
Global
	GlobalSection(SolutionConfigurationPlatforms) = preSolution
		Debug|Any CPU = Debug|Any CPU
		Release|Any CPU = Release|Any CPU
	EndGlobalSection
	GlobalSection(ProjectConfigurationPlatforms) = postSolution
		{518D2525-86F3-4988-AECB-94468FEA1B09}.Debug|Any CPU.ActiveCfg = Debug|Any CPU
		{518D2525-86F3-4988-AECB-94468FEA1B09}.Debug|Any CPU.Build.0 = Debug|Any CPU
		{518D2525-86F3-4988-AECB-94468FEA1B09}.Release|Any CPU.ActiveCfg = Release|Any CPU
		{518D2525-86F3-4988-AECB-94468FEA1B09}.Release|Any CPU.Build.0 = Release|Any CPU
	EndGlobalSection
	GlobalSection(SolutionProperties) = preSolution
		HideSolutionNode = FALSE
	EndGlobalSection
	GlobalSection(ExtensibilityGlobals) = postSolution
		SolutionGuid = {68DABB30-BAEC-49CC-B38A-122F429004B9}
	EndGlobalSection
EndGlobal
